{
  "name": "secretsantajs",
  "version": "1.0.0",
  "lockfileVersion": 1,
  "requires": true,
  "dependencies": {
    "gmail-send": {
      "version": "1.8.10",
      "resolved": "https://registry.npmjs.org/gmail-send/-/gmail-send-1.8.10.tgz",
      "integrity": "sha512-QMpWwzeA64U69HzOEzI37UNc73xXkhTg8LuqsfKX9W7LjiQY3yRvViVn7ZhuJWLTV4136vsLJf2sXiZKmdykbw==",
      "requires": {
        "lodash": "4.17.15",
        "nodemailer": "6.4.2"
      }
    },
    "lodash": {
      "version": "4.17.15",
      "resolved": "https://registry.npmjs.org/lodash/-/lodash-4.17.15.tgz",
      "integrity": "sha512-8xOcRHvCjnocdS5cpwXQXVzmmh5e5+saE2QGoeQmbKmRS6J3VQppPOIt0MnmE+4xlZoumy0GPG0D0MVIQbNA1A=="
    },
    "nodemailer": {
      "version": "6.4.2",
      "resolved": "https://registry.npmjs.org/nodemailer/-/nodemailer-6.4.2.tgz",
      "integrity": "sha512-g0n4nH1ONGvqYo1v72uSWvF/MRNnnq1LzmSzXb/6EPF3LFb51akOhgG3K2+aETAsJx90/Q5eFNTntu4vBCwyQQ=="
    }
  }
}
